
Microsoft Visual Studio Solution File, Format Version 12.00
# Visual Studio 15
VisualStudioVersion = 15.0.27703.2026
MinimumVisualStudioVersion = 10.0.40219.1
Project("{FAE04EC0-301F-11D3-BF4B-00C04F79EFBC}") = "eVoting", "eVoting\eVoting.csproj", "{5594ACE7-7661-4CCF-8673-715D6800053A}"
EndProject
Project("{FAE04EC0-301F-11D3-BF4B-00C04F79EFBC}") = "VotingServer", "VotingServer\VotingServer.csproj", "{020871C7-CAD3-40C3-9F6B-69FA171B2083}"
EndProject
Project("{FAE04EC0-301F-11D3-BF4B-00C04F79EFBC}") = "EndpointServer", "EndpointServer\EndpointServer.csproj", "{0190DF0D-EAD2-4073-831C-0614ED9962B4}"
EndProject
Global
	GlobalSection(SolutionConfigurationPlatforms) = preSolution
		Debug|Any CPU = Debug|Any CPU
		Release|Any CPU = Release|Any CPU
	EndGlobalSection
	GlobalSection(ProjectConfigurationPlatforms) = postSolution
		{5594ACE7-7661-4CCF-8673-715D6800053A}.Debug|Any CPU.ActiveCfg = Debug|Any CPU
		{5594ACE7-7661-4CCF-8673-715D6800053A}.Debug|Any CPU.Build.0 = Debug|Any CPU
		{5594ACE7-7661-4CCF-8673-715D6800053A}.Release|Any CPU.ActiveCfg = Release|Any CPU
		{5594ACE7-7661-4CCF-8673-715D6800053A}.Release|Any CPU.Build.0 = Release|Any CPU
		{020871C7-CAD3-40C3-9F6B-69FA171B2083}.Debug|Any CPU.ActiveCfg = Debug|Any CPU
		{020871C7-CAD3-40C3-9F6B-69FA171B2083}.Debug|Any CPU.Build.0 = Debug|Any CPU
		{020871C7-CAD3-40C3-9F6B-69FA171B2083}.Release|Any CPU.ActiveCfg = Release|Any CPU
		{020871C7-CAD3-40C3-9F6B-69FA171B2083}.Release|Any CPU.Build.0 = Release|Any CPU
		{0190DF0D-EAD2-4073-831C-0614ED9962B4}.Debug|Any CPU.ActiveCfg = Debug|Any CPU
		{0190DF0D-EAD2-4073-831C-0614ED9962B4}.Debug|Any CPU.Build.0 = Debug|Any CPU
		{0190DF0D-EAD2-4073-831C-0614ED9962B4}.Release|Any CPU.ActiveCfg = Release|Any CPU
		{0190DF0D-EAD2-4073-831C-0614ED9962B4}.Release|Any CPU.Build.0 = Release|Any CPU
	EndGlobalSection
	GlobalSection(SolutionProperties) = preSolution
		HideSolutionNode = FALSE
	EndGlobalSection
	GlobalSection(ExtensibilityGlobals) = postSolution
		SolutionGuid = {0DFF29D9-E904-44F5-87C3-958FB3E2C066}
	EndGlobalSection
EndGlobal
